
Microsoft Visual Studio Solution File, Format Version 12.00
# Visual Studio Version 17
VisualStudioVersion = 17.3.32922.545
MinimumVisualStudioVersion = 10.0.40219.1
Project("{FAE04EC0-301F-11D3-BF4B-00C04F79EFBC}") = "Money-Converter", "Money-Converter\Money-Converter.csproj", "{08649A4F-FDDA-42B0-8F19-E6D8475D8326}"
EndProject
Global
	GlobalSection(SolutionConfigurationPlatforms) = preSolution
		Debug|Any CPU = Debug|Any CPU
		Release|Any CPU = Release|Any CPU
	EndGlobalSection
	GlobalSection(ProjectConfigurationPlatforms) = postSolution
		{08649A4F-FDDA-42B0-8F19-E6D8475D8326}.Debug|Any CPU.ActiveCfg = Debug|Any CPU
		{08649A4F-FDDA-42B0-8F19-E6D8475D8326}.Debug|Any CPU.Build.0 = Debug|Any CPU
		{08649A4F-FDDA-42B0-8F19-E6D8475D8326}.Release|Any CPU.ActiveCfg = Release|Any CPU
		{08649A4F-FDDA-42B0-8F19-E6D8475D8326}.Release|Any CPU.Build.0 = Release|Any CPU
	EndGlobalSection
	GlobalSection(SolutionProperties) = preSolution
		HideSolutionNode = FALSE
	EndGlobalSection
	GlobalSection(ExtensibilityGlobals) = postSolution
		SolutionGuid = {8450D5EF-842D-4B84-9C24-4BD5C83A1F08}
	EndGlobalSection
EndGlobal
